{
  "nodes": {
    "currying-master": {
      "inputs": {
        "flakeNimbleLib": [
          "flakeNimbleLib"
        ],
        "nixpkgs": [
          "nixpkgs"
        ],
        "src-currying-master": "src-currying-master"
      },
      "locked": {
        "dir": "master",
        "lastModified": 1662254421,
        "narHash": "sha256-51uy5oObLjQHwaD41On5IyhaUpzrXtLbJ/OvhtOel54=",
        "owner": "nim-nix-pkgs",
        "repo": "currying",
        "rev": "b320c85c4b1d43b051f03cccf07ce53b0344a93d",
        "type": "github"
      },
      "original": {
        "dir": "master",
        "owner": "nim-nix-pkgs",
        "ref": "master",
        "repo": "currying",
        "type": "github"
      }
    },
    "flakeNimbleLib": {
      "inputs": {
        "nixpkgs": [
          "nixpkgs"
        ]
      },
      "locked": {
        "lastModified": 1662018438,
        "narHash": "sha256-QtNtU6+LX3Wokxf0zlFwKTFOcn6TeDjKQZ+DA9OYtvM=",
        "owner": "riinr",
        "repo": "nim-flakes-lib",
        "rev": "b1fe8340736e3a85d25c709ac3dfd82a55c03cbf",
        "type": "github"
      },
      "original": {
        "owner": "riinr",
        "ref": "master",
        "repo": "nim-flakes-lib",
        "type": "github"
      }
    },
    "nixpkgs": {
      "locked": {
        "lastModified": 1667110639,
        "narHash": "sha256-4FbPESZ5LbqQxkJJJBAfk/zKgF9h/4kyUwjjpJwYlbc=",
        "owner": "NixOS",
        "repo": "nixpkgs",
        "rev": "f38a1f04d1bec1feb61fd101a0539ae2002a7087",
        "type": "github"
      },
      "original": {
        "id": "nixpkgs",
        "type": "indirect"
      }
    },
    "root": {
      "inputs": {
        "currying-master": "currying-master",
        "flakeNimbleLib": "flakeNimbleLib",
        "nixpkgs": "nixpkgs"
      }
    },
    "src-currying-master": {
      "flake": false,
      "locked": {
        "lastModified": 1658733527,
        "narHash": "sha256-Pq08+OwZFt0wm7IBkn9BUEWzKlzmhklHVZBlygXcrNk=",
        "owner": "t8m8",
        "repo": "currying",
        "rev": "8317844f0d9d7d1e05e2110a1a61cc27e1632aec",
        "type": "github"
      },
      "original": {
        "owner": "t8m8",
        "ref": "refs/heads/master",
        "repo": "currying",
        "type": "github"
      }
    }
  },
  "root": "root",
  "version": 7
}
